
Microsoft Visual Studio Solution File, Format Version 12.00
# Visual Studio Version 16
VisualStudioVersion = 16.0.28803.352
MinimumVisualStudioVersion = 10.0.40219.1
Project("{FAE04EC0-301F-11D3-BF4B-00C04F79EFBC}") = "PajacykClicker", "PajacykRandomizer\PajacykClicker.csproj", "{F2632EB5-7694-43A6-AF24-4604E1FB7B99}"
EndProject
Global
	GlobalSection(SolutionConfigurationPlatforms) = preSolution
		Debug|Any CPU = Debug|Any CPU
		Release|Any CPU = Release|Any CPU
	EndGlobalSection
	GlobalSection(ProjectConfigurationPlatforms) = postSolution
		{F2632EB5-7694-43A6-AF24-4604E1FB7B99}.Debug|Any CPU.ActiveCfg = Debug|Any CPU
		{F2632EB5-7694-43A6-AF24-4604E1FB7B99}.Debug|Any CPU.Build.0 = Debug|Any CPU
		{F2632EB5-7694-43A6-AF24-4604E1FB7B99}.Release|Any CPU.ActiveCfg = Release|Any CPU
		{F2632EB5-7694-43A6-AF24-4604E1FB7B99}.Release|Any CPU.Build.0 = Release|Any CPU
	EndGlobalSection
	GlobalSection(SolutionProperties) = preSolution
		HideSolutionNode = FALSE
	EndGlobalSection
	GlobalSection(ExtensibilityGlobals) = postSolution
		SolutionGuid = {C63CAB1E-EBC8-490C-A15B-10B07F6C14D9}
	EndGlobalSection
EndGlobal
